{
  "nodes": {
    "apple-fonts": {
      "inputs": {
        "nixpkgs": "nixpkgs",
        "ny": "ny",
        "sf-arabic": "sf-arabic",
        "sf-armenian": "sf-armenian",
        "sf-compact": "sf-compact",
        "sf-georgian": "sf-georgian",
        "sf-hebrew": "sf-hebrew",
        "sf-mono": "sf-mono",
        "sf-pro": "sf-pro"
      },
      "locked": {
        "lastModified": 1772251183,
        "narHash": "sha256-Zfr9trB8LaesfpupugDgXPqC4F25MO18kyMyb9b2PkM=",
        "owner": "Lyndeno",
        "repo": "apple-fonts.nix",
        "rev": "f8dad87c2cb956695d18c1f36360322d8a0b7d63",
        "type": "github"
      },
      "original": {
        "owner": "Lyndeno",
        "repo": "apple-fonts.nix",
        "type": "github"
      }
    },
    "avizo-brillo": {
      "flake": false,
      "locked": {
        "lastModified": 1762278057,
        "narHash": "sha256-xyVE10fEOlZr+99zfNNChPv1AJwPlUpCOicaJkSqj8M=",
        "owner": "harrysoler",
        "repo": "avizo-brillo-support",
        "rev": "ddcafc6cb3b7e4c9901851074bdbffd1c49bfddf",
        "type": "github"
      },
      "original": {
        "owner": "harrysoler",
        "repo": "avizo-brillo-support",
        "type": "github"
      }
    },
    "home-manager": {
      "inputs": {
        "nixpkgs": "nixpkgs_2"
      },
      "locked": {
        "lastModified": 1773953647,
        "narHash": "sha256-xLuY2lImRlaUNnd4FYSKv+iZyz+BK6bb1Ets8xWCMBk=",
        "owner": "nix-community",
        "repo": "home-manager",
        "rev": "084e7e6df9397619ee0c8e5e7455e6f1ec622203",
        "type": "github"
      },
      "original": {
        "owner": "nix-community",
        "ref": "release-25.11",
        "repo": "home-manager",
        "type": "github"
      }
    },
    "home-manager_2": {
      "inputs": {
        "nixpkgs": [
          "zen-browser",
          "nixpkgs"
        ]
      },
      "locked": {
        "lastModified": 1773422513,
        "narHash": "sha256-MPjR48roW7CUMU6lu0+qQGqj92Kuh3paIulMWFZy+NQ=",
        "owner": "nix-community",
        "repo": "home-manager",
        "rev": "ef12a9a2b0f77c8fa3dda1e7e494fca668909056",
        "type": "github"
      },
      "original": {
        "owner": "nix-community",
        "repo": "home-manager",
        "type": "github"
      }
    },
    "nixpkgs": {
      "locked": {
        "lastModified": 1771848320,
        "narHash": "sha256-0MAd+0mun3K/Ns8JATeHT1sX28faLII5hVLq0L3BdZU=",
        "owner": "nixos",
        "repo": "nixpkgs",
        "rev": "2fc6539b481e1d2569f25f8799236694180c0993",
        "type": "github"
      },
      "original": {
        "owner": "nixos",
        "ref": "nixos-unstable",
        "repo": "nixpkgs",
        "type": "github"
      }
    },
    "nixpkgs-unstable": {
      "locked": {
        "lastModified": 1773821835,
        "narHash": "sha256-TJ3lSQtW0E2JrznGVm8hOQGVpXjJyXY2guAxku2O9A4=",
        "owner": "NixOS",
        "repo": "nixpkgs",
        "rev": "b40629efe5d6ec48dd1efba650c797ddbd39ace0",
        "type": "github"
      },
      "original": {
        "owner": "NixOS",
        "ref": "nixos-unstable",
        "repo": "nixpkgs",
        "type": "github"
      }
    },
    "nixpkgs_2": {
      "locked": {
        "lastModified": 1773375660,
        "narHash": "sha256-SEzUWw2Rf5Ki3bcM26nSKgbeoqi2uYy8IHVBqOKjX3w=",
        "owner": "NixOS",
        "repo": "nixpkgs",
        "rev": "3e20095fe3c6cbb1ddcef89b26969a69a1570776",
        "type": "github"
      },
      "original": {
        "owner": "NixOS",
        "ref": "nixos-25.11",
        "repo": "nixpkgs",
        "type": "github"
      }
    },
    "nixpkgs_3": {
      "locked": {
        "lastModified": 1773814637,
        "narHash": "sha256-GNU+ooRmrHLfjlMsKdn0prEKVa0faVanm0jrgu1J/gY=",
        "owner": "nixos",
        "repo": "nixpkgs",
        "rev": "fea3b367d61c1a6592bc47c72f40a9f3e6a53e96",
        "type": "github"
      },
      "original": {
        "owner": "nixos",
        "ref": "nixos-25.11",
        "repo": "nixpkgs",
        "type": "github"
      }
    },
    "nvim-config": {
      "flake": false,
      "locked": {
        "lastModified": 1750820528,
        "narHash": "sha256-L9GpdjWcCQEqbK1xOQJuJkHpdOQvrbBHpqADJq+svcQ=",
        "owner": "harrysoler",
        "repo": "nvim-config",
        "rev": "84f6a9047266626cad71aa47d613055681563c62",
        "type": "github"
      },
      "original": {
        "owner": "harrysoler",
        "repo": "nvim-config",
        "type": "github"
      }
    },
    "ny": {
      "flake": false,
      "locked": {
        "narHash": "sha256-3257NAH4qlan2YHVLpNRy7x8IJqR2pal3OzFo/ykqXs=",
        "type": "file",
        "url": "https://devimages-cdn.apple.com/design/resources/download/NY.dmg"
      },
      "original": {
        "type": "file",
        "url": "https://devimages-cdn.apple.com/design/resources/download/NY.dmg"
      }
    },
    "quickshell": {
      "inputs": {
        "nixpkgs": [
          "nixpkgs"
        ]
      },
      "locked": {
        "lastModified": 1773916211,
        "narHash": "sha256-FyO/nPw2CZn35YL22Xl8V5qkTTANwKoNw2MIAIcmZH0=",
        "ref": "refs/heads/master",
        "rev": "7511545ee20664e3b8b8d3322c0ffe7567c56f7a",
        "revCount": 770,
        "type": "git",
        "url": "https://git.outfoxxed.me/outfoxxed/quickshell"
      },
      "original": {
        "type": "git",
        "url": "https://git.outfoxxed.me/outfoxxed/quickshell"
      }
    },
    "root": {
      "inputs": {
        "apple-fonts": "apple-fonts",
        "avizo-brillo": "avizo-brillo",
        "home-manager": "home-manager",
        "nixpkgs": "nixpkgs_3",
        "nixpkgs-unstable": "nixpkgs-unstable",
        "nvim-config": "nvim-config",
        "quickshell": "quickshell",
        "zen-browser": "zen-browser"
      }
    },
    "sf-arabic": {
      "flake": false,
      "locked": {
        "narHash": "sha256-/0gjRimqvZyE60xYxxPdlU+7Q2LJnnvtbmwOP0YmS9U=",
        "type": "file",
        "url": "https://devimages-cdn.apple.com/design/resources/download/SF-Arabic.dmg"
      },
      "original": {
        "type": "file",
        "url": "https://devimages-cdn.apple.com/design/resources/download/SF-Arabic.dmg"
      }
    },
    "sf-armenian": {
      "flake": false,
      "locked": {
        "narHash": "sha256-rRoDkbNMYkzOHZmQm96Zv80TZvRlAeoxkv4pMHP5nUg=",
        "type": "file",
        "url": "https://devimages-cdn.apple.com/design/resources/download/SF-Armenian.dmg"
      },
      "original": {
        "type": "file",
        "url": "https://devimages-cdn.apple.com/design/resources/download/SF-Armenian.dmg"
      }
    },
    "sf-compact": {
      "flake": false,
      "locked": {
        "narHash": "sha256-oLhkN4HYkU1Xjxk+xdmyxJmROSzo1qd/tafdxw7icxs=",
        "type": "file",
        "url": "https://devimages-cdn.apple.com/design/resources/download/SF-Compact.dmg"
      },
      "original": {
        "type": "file",
        "url": "https://devimages-cdn.apple.com/design/resources/download/SF-Compact.dmg"
      }
    },
    "sf-georgian": {
      "flake": false,
      "locked": {
        "narHash": "sha256-IevVNOC28IiR45YfI3PsZzXLMRxuB5u7UiE53Zn6tRU=",
        "type": "file",
        "url": "https://devimages-cdn.apple.com/design/resources/download/SF-Georgian.dmg"
      },
      "original": {
        "type": "file",
        "url": "https://devimages-cdn.apple.com/design/resources/download/SF-Georgian.dmg"
      }
    },
    "sf-hebrew": {
      "flake": false,
      "locked": {
        "narHash": "sha256-Dw84kYwMpCtKKKqm8cZcQ9TZ7GayU5MO7W0LJw0Rcwk=",
        "type": "file",
        "url": "https://devimages-cdn.apple.com/design/resources/download/SF-Hebrew.dmg"
      },
      "original": {
        "type": "file",
        "url": "https://devimages-cdn.apple.com/design/resources/download/SF-Hebrew.dmg"
      }
    },
    "sf-mono": {
      "flake": false,
      "locked": {
        "narHash": "sha256-ICdHRFdNL7PM/fXJUzS7LgZxZiqcyIuCMHLze4En4vg=",
        "type": "file",
        "url": "https://devimages-cdn.apple.com/design/resources/download/SF-Mono.dmg"
      },
      "original": {
        "type": "file",
        "url": "https://devimages-cdn.apple.com/design/resources/download/SF-Mono.dmg"
      }
    },
    "sf-pro": {
      "flake": false,
      "locked": {
        "narHash": "sha256-s42hsaUe0Vkaw5yw8G7G3W3AYJb2TPqSlMqPyY0e5WU=",
        "type": "file",
        "url": "https://devimages-cdn.apple.com/design/resources/download/SF-Pro.dmg"
      },
      "original": {
        "type": "file",
        "url": "https://devimages-cdn.apple.com/design/resources/download/SF-Pro.dmg"
      }
    },
    "zen-browser": {
      "inputs": {
        "home-manager": "home-manager_2",
        "nixpkgs": [
          "nixpkgs"
        ]
      },
      "locked": {
        "lastModified": 1773737882,
        "narHash": "sha256-P6k0BtT1/idYveVRdcwAZk8By9UjZW8XOMhSoS6wTBY=",
        "owner": "0xc000022070",
        "repo": "zen-browser-flake",
        "rev": "a7f1db35d74faf04e5189b3a32f890186ace5c28",
        "type": "github"
      },
      "original": {
        "owner": "0xc000022070",
        "repo": "zen-browser-flake",
        "type": "github"
      }
    }
  },
  "root": "root",
  "version": 7
}
